lockfileVersion: '9.0'

settings:
  autoInstallPeers: true
  excludeLinksFromLockfile: false

importers:

  .:
    dependencies:
      commander:
        specifier: 8.2.0
        version: 8.2.0
      plantuml-encoder:
        specifier: 1.4.0
        version: 1.4.0
      tinyurl:
        specifier: 1.1.7
        version: 1.1.7

packages:

  commander@8.2.0:
    resolution: {integrity: sha512-LLKxDvHeL91/8MIyTAD5BFMNtoIwztGPMiM/7Bl8rIPmHCZXRxmSWr91h57dpOpnQ6jIUqEWdXE/uBYMfiVZDA==}
    engines: {node: '>= 12'}

  plantuml-encoder@1.4.0:
    resolution: {integrity: sha512-sxMwpDw/ySY1WB2CE3+IdMuEcWibJ72DDOsXLkSmEaSzwEUaYBT6DWgOfBiHGCux4q433X6+OEFWjlVqp7gL6g==}

  tinyurl@1.1.7:
    resolution: {integrity: sha512-NCnyDkBTByS/pLH/Vrx/DPL8EciAUDoAvruaM/WnQLfX6Uame3D1nuWNy2Z9CXw7rcsok0tjuonRLolhmyz5rg==}
    deprecated: Package no longer supported. Contact Support at https://www.npmjs.com/support for more info.

snapshots:

  commander@8.2.0: {}

  plantuml-encoder@1.4.0: {}

  tinyurl@1.1.7: {}
